<?xml version="1.0" encoding="utf-8"?>
<Project ToolsVersion="4.0" xmlns="http://schemas.microsoft.com/developer/msbuild/2003">
  <ItemGroup>
    <Filter Include="src">
      <UniqueIdentifier>{204fc54c-af4c-45b9-a59b-8556d1c69a12}</UniqueIdentifier>
    </Filter>
    <Filter Include="src\input">
      <UniqueIdentifier>{704e4c01-fc3d-4c55-87c4-c7d5f1a2588e}</UniqueIdentifier>
    </Filter>
    <Filter Include="src\math">
      <UniqueIdentifier>{5acb1e13-9c89-4b9a-963d-025c04221933}</UniqueIdentifier>
    </Filter>
    <Filter Include="src\utils">
      <UniqueIdentifier>{d5b651a1-7fd2-4933-a9b3-ab202d9ffae9}</UniqueIdentifier>
    </Filter>
    <Filter Include="src\graphics">
      <UniqueIdentifier>{df2ae4fc-7134-4b43-88a5-9d678296860c}</UniqueIdentifier>
    </Filter>
    <Filter Include="src\graphics\buffers">
      <UniqueIdentifier>{ac5ceb40-ae1c-4879-9df6-4aa052b21edb}</UniqueIdentifier>
    </Filter>
    <Filter Include="src\graphics\shaders">
      <UniqueIdentifier>{c7ed88ab-67bc-4cbf-94af-cec4de87e745}</UniqueIdentifier>
    </Filter>
  </ItemGroup>
  <ItemGroup>
    <ClCompile Include="src\graphics\window.cpp">
      <Filter>src\graphics</Filter>
    </ClCompile>
    <ClCompile Include="src\main.cpp" />
    <ClCompile Include="src\input\input.cpp">
      <Filter>src\input</Filter>
    </ClCompile>
    <ClCompile Include="src\graphics\shader.cpp">
      <Filter>src\graphics</Filter>
    </ClCompile>
    <ClCompile Include="src\graphics\buffers\indexbuffer.cpp">
      <Filter>src\graphics\buffers</Filter>
    </ClCompile>
    <ClCompile Include="src\graphics\buffers\vertexarray.cpp">
      <Filter>src\graphics\buffers</Filter>
    </ClCompile>
    <ClCompile Include="src\graphics\buffers\vertexbuffer.cpp">
      <Filter>src\graphics\buffers</Filter>
    </ClCompile>
    <ClCompile Include="src\math\mat4.cpp">
      <Filter>src\math</Filter>
    </ClCompile>
    <ClCompile Include="src\math\vec2.cpp">
      <Filter>src\math</Filter>
    </ClCompile>
    <ClCompile Include="src\math\vec3.cpp">
      <Filter>src\math</Filter>
    </ClCompile>
    <ClCompile Include="src\math\vec4.cpp">
      <Filter>src\math</Filter>
    </ClCompile>
    <ClCompile Include="src\utils\mathutils.cpp">
      <Filter>src\utils</Filter>
    </ClCompile>
    <ClCompile Include="src\utils\fileutils.cpp">
      <Filter>src\utils</Filter>
    </ClCompile>
    <ClCompile Include="src\utils\debugutils.cpp">
      <Filter>src\utils</Filter>
    </ClCompile>
    <ClCompile Include="src\graphics\renderer.cpp">
      <Filter>src\graphics</Filter>
    </ClCompile>
    <ClCompile Include="src\graphics\texture.cpp">
      <Filter>src\graphics</Filter>
    </ClCompile>
    <ClCompile Include="src\graphics\texturearray.cpp">
      <Filter>src\graphics</Filter>
    </ClCompile>
    <ClCompile Include="src\graphics\texturebase.cpp">
      <Filter>src\graphics</Filter>
    </ClCompile>
    <ClCompile Include="src\graphics\text.cpp">
      <Filter>src\graphics</Filter>
    </ClCompile>
    <ClCompile Include="src\utils\stringutils.cpp">
      <Filter>src\utils</Filter>
    </ClCompile>
    <ClCompile Include="src\graphics\textureManager.cpp">
      <Filter>src\graphics</Filter>
    </ClCompile>
  </ItemGroup>
  <ItemGroup>
    <ClInclude Include="src\graphics\window.h">
      <Filter>src\graphics</Filter>
    </ClInclude>
    <ClInclude Include="src\input\input.h">
      <Filter>src\input</Filter>
    </ClInclude>
    <ClInclude Include="src\math\vec2.h">
      <Filter>src\math</Filter>
    </ClInclude>
    <ClInclude Include="src\math\vec3.h">
      <Filter>src\math</Filter>
    </ClInclude>
    <ClInclude Include="src\math\vec4.h">
      <Filter>src\math</Filter>
    </ClInclude>
    <ClInclude Include="src\math\mat4.h">
      <Filter>src\math</Filter>
    </ClInclude>
    <ClInclude Include="src\utils\fileutils.h">
      <Filter>src\utils</Filter>
    </ClInclude>
    <ClInclude Include="src\math\math.h">
      <Filter>src\math</Filter>
    </ClInclude>
    <ClInclude Include="src\graphics\shader.h">
      <Filter>src\graphics</Filter>
    </ClInclude>
    <ClInclude Include="src\utils\mathutils.h">
      <Filter>src\utils</Filter>
    </ClInclude>
    <ClInclude Include="src\graphics\buffers\indexbuffer.h">
      <Filter>src\graphics\buffers</Filter>
    </ClInclude>
    <ClInclude Include="src\graphics\buffers\vertexarray.h">
      <Filter>src\graphics\buffers</Filter>
    </ClInclude>
    <ClInclude Include="src\graphics\buffers\vertexbuffer.h">
      <Filter>src\graphics\buffers</Filter>
    </ClInclude>
    <ClInclude Include="src\graphics\renderable2d.h">
      <Filter>src\graphics</Filter>
    </ClInclude>
    <ClInclude Include="src\utils\debugutils.h">
      <Filter>src\utils</Filter>
    </ClInclude>
    <ClInclude Include="src\graphics\renderer.h">
      <Filter>src\graphics</Filter>
    </ClInclude>
    <ClInclude Include="src\graphics\texture.h">
      <Filter>src\graphics</Filter>
    </ClInclude>
    <ClInclude Include="src\graphics\texturearray.h">
      <Filter>src\graphics</Filter>
    </ClInclude>
    <ClInclude Include="src\graphics\texturebase.h">
      <Filter>src\graphics</Filter>
    </ClInclude>
    <ClInclude Include="src\graphics\sprite.h">
      <Filter>src\graphics</Filter>
    </ClInclude>
    <ClInclude Include="src\graphics\text.h">
      <Filter>src\graphics</Filter>
    </ClInclude>
    <ClInclude Include="src\utils\stringutils.h">
      <Filter>src\utils</Filter>
    </ClInclude>
    <ClInclude Include="src\graphics\textureManager.h">
      <Filter>src\graphics</Filter>
    </ClInclude>
  </ItemGroup>
  <ItemGroup>
    <None Include="src\graphics\shaders\instancedQuad.fs">
      <Filter>src\graphics\shaders</Filter>
    </None>
    <None Include="src\graphics\shaders\instancedQuad.vs">
      <Filter>src\graphics\shaders</Filter>
    </None>
  </ItemGroup>
</Project>